// !$*UTF8*$!
{
	archiveVersion = 1;
	classes = {
	};
	objectVersion = 46;
	objects = {

/* Begin PBXBuildFile section */
		C20CFF141CFF737B006740A0 /* FuzzySearch.swift in Sources */ = {isa = PBXBuildFile; fileRef = C20CFF131CFF737B006740A0 /* FuzzySearch.swift */; };
		C220A9C41CE35D1F00510EEB /* main.swift in Sources */ = {isa = PBXBuildFile; fileRef = C220A9C31CE35D1F00510EEB /* main.swift */; };
		C23DB06D1CE5DF0200322A45 /* libncurses.dylib in Frameworks */ = {isa = PBXBuildFile; fileRef = C23DB06C1CE5DF0200322A45 /* libncurses.dylib */; };
		C26584FD1CF8B23A00261338 /* PlaylistWindow.swift in Sources */ = {isa = PBXBuildFile; fileRef = C26584FC1CF8B23A00261338 /* PlaylistWindow.swift */; };
		C26584FF1CF8B37200261338 /* Utils.swift in Sources */ = {isa = PBXBuildFile; fileRef = C26584FE1CF8B37200261338 /* Utils.swift */; };
		C26585011CF8B6C200261338 /* SearchWindow.swift in Sources */ = {isa = PBXBuildFile; fileRef = C26585001CF8B6C200261338 /* SearchWindow.swift */; };
/* End PBXBuildFile section */

/* Begin PBXCopyFilesBuildPhase section */
		C220A9BE1CE35D1F00510EEB /* CopyFiles */ = {
			isa = PBXCopyFilesBuildPhase;
			buildActionMask = 12;
			dstPath = usr/share/man/man1;
			dstSubfolderSpec = 10;
			files = (
			);
			runOnlyForDeploymentPostprocessing = 0;
		};
/* End PBXCopyFilesBuildPhase section */

/* Begin PBXFileReference section */
		C20CFF131CFF737B006740A0 /* FuzzySearch.swift */ = {isa = PBXFileReference; fileEncoding = 4; lastKnownFileType = sourcecode.swift; path = FuzzySearch.swift; sourceTree = "<group>"; };
		C220A9C01CE35D1F00510EEB /* CurseMusic */ = {isa = PBXFileReference; explicitFileType = "compiled.mach-o.executable"; includeInIndex = 0; path = CurseMusic; sourceTree = BUILT_PRODUCTS_DIR; };
		C220A9C31CE35D1F00510EEB /* main.swift */ = {isa = PBXFileReference; lastKnownFileType = sourcecode.swift; path = main.swift; sourceTree = "<group>"; };
		C23DB06C1CE5DF0200322A45 /* libncurses.dylib */ = {isa = PBXFileReference; lastKnownFileType = "compiled.mach-o.dylib"; name = libncurses.dylib; path = /usr/local/Cellar/ncurses/6.0_1/lib/libncurses.dylib; sourceTree = "<absolute>"; };
		C26584FC1CF8B23A00261338 /* PlaylistWindow.swift */ = {isa = PBXFileReference; fileEncoding = 4; lastKnownFileType = sourcecode.swift; path = PlaylistWindow.swift; sourceTree = "<group>"; };
		C26584FE1CF8B37200261338 /* Utils.swift */ = {isa = PBXFileReference; fileEncoding = 4; lastKnownFileType = sourcecode.swift; path = Utils.swift; sourceTree = "<group>"; };
		C26585001CF8B6C200261338 /* SearchWindow.swift */ = {isa = PBXFileReference; fileEncoding = 4; lastKnownFileType = sourcecode.swift; path = SearchWindow.swift; sourceTree = "<group>"; };
/* End PBXFileReference section */

/* Begin PBXFrameworksBuildPhase section */
		C220A9BD1CE35D1F00510EEB /* Frameworks */ = {
			isa = PBXFrameworksBuildPhase;
			buildActionMask = 2147483647;
			files = (
				C23DB06D1CE5DF0200322A45 /* libncurses.dylib in Frameworks */,
			);
			runOnlyForDeploymentPostprocessing = 0;
		};
/* End PBXFrameworksBuildPhase section */

/* Begin PBXGroup section */
		C220A9B71CE35D1F00510EEB = {
			isa = PBXGroup;
			children = (
				C2D629191CE8E12100E75609 /* lib */,
				C220A9C21CE35D1F00510EEB /* Test */,
				C220A9C11CE35D1F00510EEB /* Products */,
			);
			sourceTree = "<group>";
		};
		C220A9C11CE35D1F00510EEB /* Products */ = {
			isa = PBXGroup;
			children = (
				C220A9C01CE35D1F00510EEB /* CurseMusic */,
			);
			name = Products;
			sourceTree = "<group>";
		};
		C220A9C21CE35D1F00510EEB /* Test */ = {
			isa = PBXGroup;
			children = (
				C220A9C31CE35D1F00510EEB /* main.swift */,
				C26584FC1CF8B23A00261338 /* PlaylistWindow.swift */,
				C26584FE1CF8B37200261338 /* Utils.swift */,
				C26585001CF8B6C200261338 /* SearchWindow.swift */,
			);
			path = Test;
			sourceTree = "<group>";
		};
		C2D629191CE8E12100E75609 /* lib */ = {
			isa = PBXGroup;
			children = (
				C20CFF131CFF737B006740A0 /* FuzzySearch.swift */,
				C23DB06C1CE5DF0200322A45 /* libncurses.dylib */,
			);
			name = lib;
			sourceTree = "<group>";
		};
/* End PBXGroup section */

/* Begin PBXNativeTarget section */
		C220A9BF1CE35D1F00510EEB /* CurseMusic */ = {
			isa = PBXNativeTarget;
			buildConfigurationList = C220A9C71CE35D1F00510EEB /* Build configuration list for PBXNativeTarget "CurseMusic" */;
			buildPhases = (
				C220A9BC1CE35D1F00510EEB /* Sources */,
				C220A9BD1CE35D1F00510EEB /* Frameworks */,
				C220A9BE1CE35D1F00510EEB /* CopyFiles */,
			);
			buildRules = (
			);
			dependencies = (
			);
			name = CurseMusic;
			productName = Test;
			productReference = C220A9C01CE35D1F00510EEB /* CurseMusic */;
			productType = "com.apple.product-type.tool";
		};
/* End PBXNativeTarget section */

/* Begin PBXProject section */
		C220A9B81CE35D1F00510EEB /* Project object */ = {
			isa = PBXProject;
			attributes = {
				LastSwiftUpdateCheck = 0730;
				LastUpgradeCheck = 0730;
				ORGANIZATIONNAME = "Adam Tomecek";
				TargetAttributes = {
					C220A9BF1CE35D1F00510EEB = {
						CreatedOnToolsVersion = 7.3.1;
					};
				};
			};
			buildConfigurationList = C220A9BB1CE35D1F00510EEB /* Build configuration list for PBXProject "CurseMusic" */;
			compatibilityVersion = "Xcode 3.2";
			developmentRegion = English;
			hasScannedForEncodings = 0;
			knownRegions = (
				en,
			);
			mainGroup = C220A9B71CE35D1F00510EEB;
			productRefGroup = C220A9C11CE35D1F00510EEB /* Products */;
			projectDirPath = "";
			projectRoot = "";
			targets = (
				C220A9BF1CE35D1F00510EEB /* CurseMusic */,
			);
		};
/* End PBXProject section */

/* Begin PBXSourcesBuildPhase section */
		C220A9BC1CE35D1F00510EEB /* Sources */ = {
			isa = PBXSourcesBuildPhase;
			buildActionMask = 2147483647;
			files = (
				C220A9C41CE35D1F00510EEB /* main.swift in Sources */,
				C20CFF141CFF737B006740A0 /* FuzzySearch.swift in Sources */,
				C26584FD1CF8B23A00261338 /* PlaylistWindow.swift in Sources */,
				C26584FF1CF8B37200261338 /* Utils.swift in Sources */,
				C26585011CF8B6C200261338 /* SearchWindow.swift in Sources */,
			);
			runOnlyForDeploymentPostprocessing = 0;
		};
/* End PBXSourcesBuildPhase section */

/* Begin XCBuildConfiguration section */
		C220A9C51CE35D1F00510EEB /* Debug */ = {
			isa = XCBuildConfiguration;
			buildSettings = {
				ALWAYS_SEARCH_USER_PATHS = NO;
				CLANG_ANALYZER_NONNULL = YES;
				CLANG_CXX_LANGUAGE_STANDARD = "gnu++0x";
				CLANG_CXX_LIBRARY = "libc++";
				CLANG_ENABLE_MODULES = YES;
				CLANG_ENABLE_OBJC_ARC = YES;
				CLANG_WARN_BOOL_CONVERSION = YES;
				CLANG_WARN_CONSTANT_CONVERSION = YES;
				CLANG_WARN_DIRECT_OBJC_ISA_USAGE = YES_ERROR;
				CLANG_WARN_EMPTY_BODY = YES;
				CLANG_WARN_ENUM_CONVERSION = YES;
				CLANG_WARN_INT_CONVERSION = YES;
				CLANG_WARN_OBJC_ROOT_CLASS = YES_ERROR;
				CLANG_WARN_UNREACHABLE_CODE = YES;
				CLANG_WARN__DUPLICATE_METHOD_MATCH = YES;
				CODE_SIGN_IDENTITY = "-";
				COPY_PHASE_STRIP = NO;
				DEBUG_INFORMATION_FORMAT = dwarf;
				ENABLE_STRICT_OBJC_MSGSEND = YES;
				ENABLE_TESTABILITY = YES;
				GCC_C_LANGUAGE_STANDARD = gnu99;
				GCC_DYNAMIC_NO_PIC = NO;
				GCC_NO_COMMON_BLOCKS = YES;
				GCC_OPTIMIZATION_LEVEL = 0;
				GCC_PREPROCESSOR_DEFINITIONS = (
					"DEBUG=1",
					"$(inherited)",
				);
				GCC_WARN_64_TO_32_BIT_CONVERSION = YES;
				GCC_WARN_ABOUT_RETURN_TYPE = YES_ERROR;
				GCC_WARN_UNDECLARED_SELECTOR = YES;
				GCC_WARN_UNINITIALIZED_AUTOS = YES_AGGRESSIVE;
				GCC_WARN_UNUSED_FUNCTION = YES;
				GCC_WARN_UNUSED_VARIABLE = YES;
				MACOSX_DEPLOYMENT_TARGET = 10.11;
				MTL_ENABLE_DEBUG_INFO = YES;
				ONLY_ACTIVE_ARCH = YES;
				SDKROOT = macosx;
				SWIFT_OPTIMIZATION_LEVEL = "-Onone";
			};
			name = Debug;
		};
		C220A9C61CE35D1F00510EEB /* Release */ = {
			isa = XCBuildConfiguration;
			buildSettings = {
				ALWAYS_SEARCH_USER_PATHS = NO;
				CLANG_ANALYZER_NONNULL = YES;
				CLANG_CXX_LANGUAGE_STANDARD = "gnu++0x";
				CLANG_CXX_LIBRARY = "libc++";
				CLANG_ENABLE_MODULES = YES;
				CLANG_ENABLE_OBJC_ARC = YES;
				CLANG_WARN_BOOL_CONVERSION = YES;
				CLANG_WARN_CONSTANT_CONVERSION = YES;
				CLANG_WARN_DIRECT_OBJC_ISA_USAGE = YES_ERROR;
				CLANG_WARN_EMPTY_BODY = YES;
				CLANG_WARN_ENUM_CONVERSION = YES;
				CLANG_WARN_INT_CONVERSION = YES;
				CLANG_WARN_OBJC_ROOT_CLASS = YES_ERROR;
				CLANG_WARN_UNREACHABLE_CODE = YES;
				CLANG_WARN__DUPLICATE_METHOD_MATCH = YES;
				CODE_SIGN_IDENTITY = "-";
				COPY_PHASE_STRIP = NO;
				DEBUG_INFORMATION_FORMAT = "dwarf-with-dsym";
				ENABLE_NS_ASSERTIONS = NO;
				ENABLE_STRICT_OBJC_MSGSEND = YES;
				GCC_C_LANGUAGE_STANDARD = gnu99;
				GCC_NO_COMMON_BLOCKS = YES;
				GCC_WARN_64_TO_32_BIT_CONVERSION = YES;
				GCC_WARN_ABOUT_RETURN_TYPE = YES_ERROR;
				GCC_WARN_UNDECLARED_SELECTOR = YES;
				GCC_WARN_UNINITIALIZED_AUTOS = YES_AGGRESSIVE;
				GCC_WARN_UNUSED_FUNCTION = YES;
				GCC_WARN_UNUSED_VARIABLE = YES;
				MACOSX_DEPLOYMENT_TARGET = 10.11;
				MTL_ENABLE_DEBUG_INFO = NO;
				SDKROOT = macosx;
			};
			name = Release;
		};
		C220A9C81CE35D1F00510EEB /* Debug */ = {
			isa = XCBuildConfiguration;
			buildSettings = {
				ALWAYS_SEARCH_USER_PATHS = NO;
				HEADER_SEARCH_PATHS = "";
				LIBRARY_SEARCH_PATHS = (
					"$(inherited)",
					/usr/local/Cellar/ncurses/6.0_1/lib,
				);
				PRODUCT_NAME = CurseMusic;
				SWIFT_INCLUDE_PATHS = "";
			};
			name = Debug;
		};
		C220A9C91CE35D1F00510EEB /* Release */ = {
			isa = XCBuildConfiguration;
			buildSettings = {
				ALWAYS_SEARCH_USER_PATHS = NO;
				HEADER_SEARCH_PATHS = "";
				LIBRARY_SEARCH_PATHS = (
					"$(inherited)",
					/usr/local/Cellar/ncurses/6.0_1/lib,
				);
				PRODUCT_NAME = CurseMusic;
				SWIFT_INCLUDE_PATHS = "";
			};
			name = Release;
		};
/* End XCBuildConfiguration section */

/* Begin XCConfigurationList section */
		C220A9BB1CE35D1F00510EEB /* Build configuration list for PBXProject "CurseMusic" */ = {
			isa = XCConfigurationList;
			buildConfigurations = (
				C220A9C51CE35D1F00510EEB /* Debug */,
				C220A9C61CE35D1F00510EEB /* Release */,
			);
			defaultConfigurationIsVisible = 0;
			defaultConfigurationName = Release;
		};
		C220A9C71CE35D1F00510EEB /* Build configuration list for PBXNativeTarget "CurseMusic" */ = {
			isa = XCConfigurationList;
			buildConfigurations = (
				C220A9C81CE35D1F00510EEB /* Debug */,
				C220A9C91CE35D1F00510EEB /* Release */,
			);
			defaultConfigurationIsVisible = 0;
			defaultConfigurationName = Release;
		};
/* End XCConfigurationList section */
	};
	rootObject = C220A9B81CE35D1F00510EEB /* Project object */;
}
